{
  "pins" : [
    {
      "identity" : "communicationzonepackage",
      "kind" : "remoteSourceControl",
      "location" : "https://github.com/mohsenvp/CommunicationZonePackage.git",
      "state" : {
        "revision" : "2d75d526bb755eb369d369ffdc26e3734e02a8a8",
        "version" : "0.0.5"
      }
    },
    {
      "identity" : "learningzonepackage",
      "kind" : "remoteSourceControl",
      "location" : "https://github.com/mohsenvp/LearningZonePackage.git",
      "state" : {
        "revision" : "437161269cf6b25c71e1d5828bb90193569a37c8",
        "version" : "0.0.2"
      }
    }
  ],
  "version" : 2
}
