// !$*UTF8*$!
{
	archiveVersion = 1;
	classes = {
	};
	objectVersion = 56;
	objects = {

/* Begin PBXBuildFile section */
		8213B4A32BFB37D800FCF30A /* LearningZone in Frameworks */ = {isa = PBXBuildFile; productRef = 8213B4A22BFB37D800FCF30A /* LearningZone */; };
		82268CE62CFEC91100B6876E /* CollaborationZone in Frameworks */ = {isa = PBXBuildFile; productRef = 82268CE52CFEC91100B6876E /* CollaborationZone */; };
		82268CE92CFEF12800B6876E /* LoginView.swift in Sources */ = {isa = PBXBuildFile; fileRef = 82268CE82CFEF12800B6876E /* LoginView.swift */; };
		82268CEB2CFEF6CF00B6876E /* InitialView.swift in Sources */ = {isa = PBXBuildFile; fileRef = 82268CEA2CFEF6CF00B6876E /* InitialView.swift */; };
		823DAA7B2B0C60E000EFA466 /* ZonesViewModel.swift in Sources */ = {isa = PBXBuildFile; fileRef = 823DAA782B0C60DF00EFA466 /* ZonesViewModel.swift */; };
		823DAA7C2B0C60E000EFA466 /* ZoneViewBase.swift in Sources */ = {isa = PBXBuildFile; fileRef = 823DAA792B0C60DF00EFA466 /* ZoneViewBase.swift */; };
		823DAA7D2B0C60E000EFA466 /* EachZoneModel.swift in Sources */ = {isa = PBXBuildFile; fileRef = 823DAA7A2B0C60DF00EFA466 /* EachZoneModel.swift */; };
		823DAA7F2B0C6AF100EFA466 /* ContainerView.swift in Sources */ = {isa = PBXBuildFile; fileRef = 823DAA7E2B0C6AF100EFA466 /* ContainerView.swift */; };
		826001372C90499A00594B20 /* OCR-POC in Frameworks */ = {isa = PBXBuildFile; productRef = 826001362C90499A00594B20 /* OCR-POC */; };
		826001392C904A3200594B20 /* GenerativeAI-Info.plist in Resources */ = {isa = PBXBuildFile; fileRef = 826001382C904A3200594B20 /* GenerativeAI-Info.plist */; };
		8282988D2B1DA2C900A1551C /* LearningZoneLanding.swift in Sources */ = {isa = PBXBuildFile; fileRef = 8282988C2B1DA2C900A1551C /* LearningZoneLanding.swift */; };
		82B9DF2E2AFA00AE00B262EC /* InnovationAppApp.swift in Sources */ = {isa = PBXBuildFile; fileRef = 82B9DF2D2AFA00AE00B262EC /* InnovationAppApp.swift */; };
		82B9DF302AFA00AE00B262EC /* ContentView.swift in Sources */ = {isa = PBXBuildFile; fileRef = 82B9DF2F2AFA00AE00B262EC /* ContentView.swift */; };
		82B9DF322AFA00B000B262EC /* Assets.xcassets in Resources */ = {isa = PBXBuildFile; fileRef = 82B9DF312AFA00B000B262EC /* Assets.xcassets */; };
		82B9DF352AFA00B000B262EC /* Preview Assets.xcassets in Resources */ = {isa = PBXBuildFile; fileRef = 82B9DF342AFA00B000B262EC /* Preview Assets.xcassets */; };
		82B9DF3F2AFA00B000B262EC /* InnovationAppTests.swift in Sources */ = {isa = PBXBuildFile; fileRef = 82B9DF3E2AFA00B000B262EC /* InnovationAppTests.swift */; };
		82B9DF492AFA00B000B262EC /* InnovationAppUITests.swift in Sources */ = {isa = PBXBuildFile; fileRef = 82B9DF482AFA00B000B262EC /* InnovationAppUITests.swift */; };
		82B9DF4B2AFA00B000B262EC /* InnovationAppUITestsLaunchTests.swift in Sources */ = {isa = PBXBuildFile; fileRef = 82B9DF4A2AFA00B000B262EC /* InnovationAppUITestsLaunchTests.swift */; };
		82C3F40F2C77727C00520CB6 /* ContactCard in Frameworks */ = {isa = PBXBuildFile; productRef = 82C3F40E2C77727C00520CB6 /* ContactCard */; };
		82C3F4122C77729A00520CB6 /* OnlineZone in Frameworks */ = {isa = PBXBuildFile; productRef = 82C3F4112C77729A00520CB6 /* OnlineZone */; };
/* End PBXBuildFile section */

/* Begin PBXContainerItemProxy section */
		82B9DF3B2AFA00B000B262EC /* PBXContainerItemProxy */ = {
			isa = PBXContainerItemProxy;
			containerPortal = 82B9DF222AFA00AD00B262EC /* Project object */;
			proxyType = 1;
			remoteGlobalIDString = 82B9DF292AFA00AE00B262EC;
			remoteInfo = InnovationApp;
		};
		82B9DF452AFA00B000B262EC /* PBXContainerItemProxy */ = {
			isa = PBXContainerItemProxy;
			containerPortal = 82B9DF222AFA00AD00B262EC /* Project object */;
			proxyType = 1;
			remoteGlobalIDString = 82B9DF292AFA00AE00B262EC;
			remoteInfo = InnovationApp;
		};
/* End PBXContainerItemProxy section */

/* Begin PBXFileReference section */
		82268CE82CFEF12800B6876E /* LoginView.swift */ = {isa = PBXFileReference; lastKnownFileType = sourcecode.swift; path = LoginView.swift; sourceTree = "<group>"; };
		82268CEA2CFEF6CF00B6876E /* InitialView.swift */ = {isa = PBXFileReference; lastKnownFileType = sourcecode.swift; path = InitialView.swift; sourceTree = "<group>"; };
		823DAA782B0C60DF00EFA466 /* ZonesViewModel.swift */ = {isa = PBXFileReference; fileEncoding = 4; lastKnownFileType = sourcecode.swift; path = ZonesViewModel.swift; sourceTree = "<group>"; };
		823DAA792B0C60DF00EFA466 /* ZoneViewBase.swift */ = {isa = PBXFileReference; fileEncoding = 4; lastKnownFileType = sourcecode.swift; path = ZoneViewBase.swift; sourceTree = "<group>"; };
		823DAA7A2B0C60DF00EFA466 /* EachZoneModel.swift */ = {isa = PBXFileReference; fileEncoding = 4; lastKnownFileType = sourcecode.swift; path = EachZoneModel.swift; sourceTree = "<group>"; };
		823DAA7E2B0C6AF100EFA466 /* ContainerView.swift */ = {isa = PBXFileReference; lastKnownFileType = sourcecode.swift; path = ContainerView.swift; sourceTree = "<group>"; };
		825DFEBB2B6806F9004C52F0 /* Info.plist */ = {isa = PBXFileReference; lastKnownFileType = text.plist; path = Info.plist; sourceTree = "<group>"; };
		826001382C904A3200594B20 /* GenerativeAI-Info.plist */ = {isa = PBXFileReference; lastKnownFileType = text.plist.xml; path = "GenerativeAI-Info.plist"; sourceTree = "<group>"; };
		8282988C2B1DA2C900A1551C /* LearningZoneLanding.swift */ = {isa = PBXFileReference; lastKnownFileType = sourcecode.swift; path = LearningZoneLanding.swift; sourceTree = "<group>"; };
		82B9DF2A2AFA00AE00B262EC /* InnovationApp.app */ = {isa = PBXFileReference; explicitFileType = wrapper.application; includeInIndex = 0; path = InnovationApp.app; sourceTree = BUILT_PRODUCTS_DIR; };
		82B9DF2D2AFA00AE00B262EC /* InnovationAppApp.swift */ = {isa = PBXFileReference; lastKnownFileType = sourcecode.swift; path = InnovationAppApp.swift; sourceTree = "<group>"; };
		82B9DF2F2AFA00AE00B262EC /* ContentView.swift */ = {isa = PBXFileReference; lastKnownFileType = sourcecode.swift; path = ContentView.swift; sourceTree = "<group>"; };
		82B9DF312AFA00B000B262EC /* Assets.xcassets */ = {isa = PBXFileReference; lastKnownFileType = folder.assetcatalog; path = Assets.xcassets; sourceTree = "<group>"; };
		82B9DF342AFA00B000B262EC /* Preview Assets.xcassets */ = {isa = PBXFileReference; lastKnownFileType = folder.assetcatalog; path = "Preview Assets.xcassets"; sourceTree = "<group>"; };
		82B9DF3A2AFA00B000B262EC /* InnovationAppTests.xctest */ = {isa = PBXFileReference; explicitFileType = wrapper.cfbundle; includeInIndex = 0; path = InnovationAppTests.xctest; sourceTree = BUILT_PRODUCTS_DIR; };
		82B9DF3E2AFA00B000B262EC /* InnovationAppTests.swift */ = {isa = PBXFileReference; lastKnownFileType = sourcecode.swift; path = InnovationAppTests.swift; sourceTree = "<group>"; };
		82B9DF442AFA00B000B262EC /* InnovationAppUITests.xctest */ = {isa = PBXFileReference; explicitFileType = wrapper.cfbundle; includeInIndex = 0; path = InnovationAppUITests.xctest; sourceTree = BUILT_PRODUCTS_DIR; };
		82B9DF482AFA00B000B262EC /* InnovationAppUITests.swift */ = {isa = PBXFileReference; lastKnownFileType = sourcecode.swift; path = InnovationAppUITests.swift; sourceTree = "<group>"; };
		82B9DF4A2AFA00B000B262EC /* InnovationAppUITestsLaunchTests.swift */ = {isa = PBXFileReference; lastKnownFileType = sourcecode.swift; path = InnovationAppUITestsLaunchTests.swift; sourceTree = "<group>"; };
/* End PBXFileReference section */

/* Begin PBXFrameworksBuildPhase section */
		82B9DF272AFA00AE00B262EC /* Frameworks */ = {
			isa = PBXFrameworksBuildPhase;
			buildActionMask = 2147483647;
			files = (
				8213B4A32BFB37D800FCF30A /* LearningZone in Frameworks */,
				82C3F4122C77729A00520CB6 /* OnlineZone in Frameworks */,
				82C3F40F2C77727C00520CB6 /* ContactCard in Frameworks */,
				82268CE62CFEC91100B6876E /* CollaborationZone in Frameworks */,
				826001372C90499A00594B20 /* OCR-POC in Frameworks */,
			);
			runOnlyForDeploymentPostprocessing = 0;
		};
		82B9DF372AFA00B000B262EC /* Frameworks */ = {
			isa = PBXFrameworksBuildPhase;
			buildActionMask = 2147483647;
			files = (
			);
			runOnlyForDeploymentPostprocessing = 0;
		};
		82B9DF412AFA00B000B262EC /* Frameworks */ = {
			isa = PBXFrameworksBuildPhase;
			buildActionMask = 2147483647;
			files = (
			);
			runOnlyForDeploymentPostprocessing = 0;
		};
/* End PBXFrameworksBuildPhase section */

/* Begin PBXGroup section */
		82268CE22CFEC8F500B6876E /* Frameworks */ = {
			isa = PBXGroup;
			children = (
			);
			name = Frameworks;
			sourceTree = "<group>";
		};
		82268CE72CFEF11100B6876E /* Login */ = {
			isa = PBXGroup;
			children = (
				82268CE82CFEF12800B6876E /* LoginView.swift */,
			);
			path = Login;
			sourceTree = "<group>";
		};
		823DAA6F2B0C5BFB00EFA466 /* Components */ = {
			isa = PBXGroup;
			children = (
				82268CE72CFEF11100B6876E /* Login */,
				8282988B2B1DA2B300A1551C /* LearningZone */,
				823DAA772B0C60D300EFA466 /* Zone */,
				82268CEA2CFEF6CF00B6876E /* InitialView.swift */,
			);
			path = Components;
			sourceTree = "<group>";
		};
		823DAA772B0C60D300EFA466 /* Zone */ = {
			isa = PBXGroup;
			children = (
				823DAA7A2B0C60DF00EFA466 /* EachZoneModel.swift */,
				823DAA782B0C60DF00EFA466 /* ZonesViewModel.swift */,
				823DAA792B0C60DF00EFA466 /* ZoneViewBase.swift */,
			);
			path = Zone;
			sourceTree = "<group>";
		};
		8282988B2B1DA2B300A1551C /* LearningZone */ = {
			isa = PBXGroup;
			children = (
				8282988C2B1DA2C900A1551C /* LearningZoneLanding.swift */,
			);
			path = LearningZone;
			sourceTree = "<group>";
		};
		82B9DF212AFA00AD00B262EC = {
			isa = PBXGroup;
			children = (
				82B9DF2C2AFA00AE00B262EC /* InnovationApp */,
				82B9DF3D2AFA00B000B262EC /* InnovationAppTests */,
				82B9DF472AFA00B000B262EC /* InnovationAppUITests */,
				82268CE22CFEC8F500B6876E /* Frameworks */,
				82B9DF2B2AFA00AE00B262EC /* Products */,
			);
			sourceTree = "<group>";
		};
		82B9DF2B2AFA00AE00B262EC /* Products */ = {
			isa = PBXGroup;
			children = (
				82B9DF2A2AFA00AE00B262EC /* InnovationApp.app */,
				82B9DF3A2AFA00B000B262EC /* InnovationAppTests.xctest */,
				82B9DF442AFA00B000B262EC /* InnovationAppUITests.xctest */,
			);
			name = Products;
			sourceTree = "<group>";
		};
		82B9DF2C2AFA00AE00B262EC /* InnovationApp */ = {
			isa = PBXGroup;
			children = (
				825DFEBB2B6806F9004C52F0 /* Info.plist */,
				823DAA6F2B0C5BFB00EFA466 /* Components */,
				82B9DF2D2AFA00AE00B262EC /* InnovationAppApp.swift */,
				82B9DF2F2AFA00AE00B262EC /* ContentView.swift */,
				82B9DF312AFA00B000B262EC /* Assets.xcassets */,
				82B9DF332AFA00B000B262EC /* Preview Content */,
				823DAA7E2B0C6AF100EFA466 /* ContainerView.swift */,
				826001382C904A3200594B20 /* GenerativeAI-Info.plist */,
			);
			path = InnovationApp;
			sourceTree = "<group>";
		};
		82B9DF332AFA00B000B262EC /* Preview Content */ = {
			isa = PBXGroup;
			children = (
				82B9DF342AFA00B000B262EC /* Preview Assets.xcassets */,
			);
			path = "Preview Content";
			sourceTree = "<group>";
		};
		82B9DF3D2AFA00B000B262EC /* InnovationAppTests */ = {
			isa = PBXGroup;
			children = (
				82B9DF3E2AFA00B000B262EC /* InnovationAppTests.swift */,
			);
			path = InnovationAppTests;
			sourceTree = "<group>";
		};
		82B9DF472AFA00B000B262EC /* InnovationAppUITests */ = {
			isa = PBXGroup;
			children = (
				82B9DF482AFA00B000B262EC /* InnovationAppUITests.swift */,
				82B9DF4A2AFA00B000B262EC /* InnovationAppUITestsLaunchTests.swift */,
			);
			path = InnovationAppUITests;
			sourceTree = "<group>";
		};
/* End PBXGroup section */

/* Begin PBXNativeTarget section */
		82B9DF292AFA00AE00B262EC /* InnovationApp */ = {
			isa = PBXNativeTarget;
			buildConfigurationList = 82B9DF4E2AFA00B000B262EC /* Build configuration list for PBXNativeTarget "InnovationApp" */;
			buildPhases = (
				82B9DF262AFA00AE00B262EC /* Sources */,
				82B9DF272AFA00AE00B262EC /* Frameworks */,
				82B9DF282AFA00AE00B262EC /* Resources */,
			);
			buildRules = (
			);
			dependencies = (
			);
			name = InnovationApp;
			packageProductDependencies = (
				8213B4A22BFB37D800FCF30A /* LearningZone */,
				82C3F40E2C77727C00520CB6 /* ContactCard */,
				82C3F4112C77729A00520CB6 /* OnlineZone */,
				826001362C90499A00594B20 /* OCR-POC */,
				82268CE52CFEC91100B6876E /* CollaborationZone */,
			);
			productName = InnovationApp;
			productReference = 82B9DF2A2AFA00AE00B262EC /* InnovationApp.app */;
			productType = "com.apple.product-type.application";
		};
		82B9DF392AFA00B000B262EC /* InnovationAppTests */ = {
			isa = PBXNativeTarget;
			buildConfigurationList = 82B9DF512AFA00B000B262EC /* Build configuration list for PBXNativeTarget "InnovationAppTests" */;
			buildPhases = (
				82B9DF362AFA00B000B262EC /* Sources */,
				82B9DF372AFA00B000B262EC /* Frameworks */,
				82B9DF382AFA00B000B262EC /* Resources */,
			);
			buildRules = (
			);
			dependencies = (
				82B9DF3C2AFA00B000B262EC /* PBXTargetDependency */,
			);
			name = InnovationAppTests;
			productName = InnovationAppTests;
			productReference = 82B9DF3A2AFA00B000B262EC /* InnovationAppTests.xctest */;
			productType = "com.apple.product-type.bundle.unit-test";
		};
		82B9DF432AFA00B000B262EC /* InnovationAppUITests */ = {
			isa = PBXNativeTarget;
			buildConfigurationList = 82B9DF542AFA00B000B262EC /* Build configuration list for PBXNativeTarget "InnovationAppUITests" */;
			buildPhases = (
				82B9DF402AFA00B000B262EC /* Sources */,
				82B9DF412AFA00B000B262EC /* Frameworks */,
				82B9DF422AFA00B000B262EC /* Resources */,
			);
			buildRules = (
			);
			dependencies = (
				82B9DF462AFA00B000B262EC /* PBXTargetDependency */,
			);
			name = InnovationAppUITests;
			productName = InnovationAppUITests;
			productReference = 82B9DF442AFA00B000B262EC /* InnovationAppUITests.xctest */;
			productType = "com.apple.product-type.bundle.ui-testing";
		};
/* End PBXNativeTarget section */

/* Begin PBXProject section */
		82B9DF222AFA00AD00B262EC /* Project object */ = {
			isa = PBXProject;
			attributes = {
				BuildIndependentTargetsInParallel = 1;
				LastSwiftUpdateCheck = 1500;
				LastUpgradeCheck = 1500;
				TargetAttributes = {
					82B9DF292AFA00AE00B262EC = {
						CreatedOnToolsVersion = 15.0;
					};
					82B9DF392AFA00B000B262EC = {
						CreatedOnToolsVersion = 15.0;
						TestTargetID = 82B9DF292AFA00AE00B262EC;
					};
					82B9DF432AFA00B000B262EC = {
						CreatedOnToolsVersion = 15.0;
						TestTargetID = 82B9DF292AFA00AE00B262EC;
					};
				};
			};
			buildConfigurationList = 82B9DF252AFA00AD00B262EC /* Build configuration list for PBXProject "InnovationApp" */;
			compatibilityVersion = "Xcode 14.0";
			developmentRegion = en;
			hasScannedForEncodings = 0;
			knownRegions = (
				en,
				Base,
				es,
			);
			mainGroup = 82B9DF212AFA00AD00B262EC;
			packageReferences = (
				8213B4A12BFB37D800FCF30A /* XCRemoteSwiftPackageReference "IOS - Learning Zone Framework" */,
				82C3F40D2C77727C00520CB6 /* XCRemoteSwiftPackageReference "IOS - Contact Card" */,
				82C3F4102C77729A00520CB6 /* XCRemoteSwiftPackageReference "IOS - Online Zone Framework" */,
				826001352C90499A00594B20 /* XCRemoteSwiftPackageReference "OCR-POC-IOS" */,
				82D8969D2CFEC64D00215214 /* XCRemoteSwiftPackageReference "IOS - ICE Innovation - Collaboration Zone" */,
			);
			productRefGroup = 82B9DF2B2AFA00AE00B262EC /* Products */;
			projectDirPath = "";
			projectRoot = "";
			targets = (
				82B9DF292AFA00AE00B262EC /* InnovationApp */,
				82B9DF392AFA00B000B262EC /* InnovationAppTests */,
				82B9DF432AFA00B000B262EC /* InnovationAppUITests */,
			);
		};
/* End PBXProject section */

/* Begin PBXResourcesBuildPhase section */
		82B9DF282AFA00AE00B262EC /* Resources */ = {
			isa = PBXResourcesBuildPhase;
			buildActionMask = 2147483647;
			files = (
				82B9DF352AFA00B000B262EC /* Preview Assets.xcassets in Resources */,
				82B9DF322AFA00B000B262EC /* Assets.xcassets in Resources */,
				826001392C904A3200594B20 /* GenerativeAI-Info.plist in Resources */,
			);
			runOnlyForDeploymentPostprocessing = 0;
		};
		82B9DF382AFA00B000B262EC /* Resources */ = {
			isa = PBXResourcesBuildPhase;
			buildActionMask = 2147483647;
			files = (
			);
			runOnlyForDeploymentPostprocessing = 0;
		};
		82B9DF422AFA00B000B262EC /* Resources */ = {
			isa = PBXResourcesBuildPhase;
			buildActionMask = 2147483647;
			files = (
			);
			runOnlyForDeploymentPostprocessing = 0;
		};
/* End PBXResourcesBuildPhase section */

/* Begin PBXSourcesBuildPhase section */
		82B9DF262AFA00AE00B262EC /* Sources */ = {
			isa = PBXSourcesBuildPhase;
			buildActionMask = 2147483647;
			files = (
				823DAA7B2B0C60E000EFA466 /* ZonesViewModel.swift in Sources */,
				823DAA7F2B0C6AF100EFA466 /* ContainerView.swift in Sources */,
				8282988D2B1DA2C900A1551C /* LearningZoneLanding.swift in Sources */,
				82B9DF302AFA00AE00B262EC /* ContentView.swift in Sources */,
				823DAA7D2B0C60E000EFA466 /* EachZoneModel.swift in Sources */,
				823DAA7C2B0C60E000EFA466 /* ZoneViewBase.swift in Sources */,
				82268CEB2CFEF6CF00B6876E /* InitialView.swift in Sources */,
				82268CE92CFEF12800B6876E /* LoginView.swift in Sources */,
				82B9DF2E2AFA00AE00B262EC /* InnovationAppApp.swift in Sources */,
			);
			runOnlyForDeploymentPostprocessing = 0;
		};
		82B9DF362AFA00B000B262EC /* Sources */ = {
			isa = PBXSourcesBuildPhase;
			buildActionMask = 2147483647;
			files = (
				82B9DF3F2AFA00B000B262EC /* InnovationAppTests.swift in Sources */,
			);
			runOnlyForDeploymentPostprocessing = 0;
		};
		82B9DF402AFA00B000B262EC /* Sources */ = {
			isa = PBXSourcesBuildPhase;
			buildActionMask = 2147483647;
			files = (
				82B9DF492AFA00B000B262EC /* InnovationAppUITests.swift in Sources */,
				82B9DF4B2AFA00B000B262EC /* InnovationAppUITestsLaunchTests.swift in Sources */,
			);
			runOnlyForDeploymentPostprocessing = 0;
		};
/* End PBXSourcesBuildPhase section */

/* Begin PBXTargetDependency section */
		82B9DF3C2AFA00B000B262EC /* PBXTargetDependency */ = {
			isa = PBXTargetDependency;
			target = 82B9DF292AFA00AE00B262EC /* InnovationApp */;
			targetProxy = 82B9DF3B2AFA00B000B262EC /* PBXContainerItemProxy */;
		};
		82B9DF462AFA00B000B262EC /* PBXTargetDependency */ = {
			isa = PBXTargetDependency;
			target = 82B9DF292AFA00AE00B262EC /* InnovationApp */;
			targetProxy = 82B9DF452AFA00B000B262EC /* PBXContainerItemProxy */;
		};
/* End PBXTargetDependency section */

/* Begin XCBuildConfiguration section */
		82B9DF4C2AFA00B000B262EC /* Debug */ = {
			isa = XCBuildConfiguration;
			buildSettings = {
				ALWAYS_SEARCH_USER_PATHS = NO;
				ASSETCATALOG_COMPILER_GENERATE_SWIFT_ASSET_SYMBOL_EXTENSIONS = YES;
				CLANG_ANALYZER_NONNULL = YES;
				CLANG_ANALYZER_NUMBER_OBJECT_CONVERSION = YES_AGGRESSIVE;
				CLANG_CXX_LANGUAGE_STANDARD = "gnu++20";
				CLANG_ENABLE_MODULES = YES;
				CLANG_ENABLE_OBJC_ARC = YES;
				CLANG_ENABLE_OBJC_WEAK = YES;
				CLANG_WARN_BLOCK_CAPTURE_AUTORELEASING = YES;
				CLANG_WARN_BOOL_CONVERSION = YES;
				CLANG_WARN_COMMA = YES;
				CLANG_WARN_CONSTANT_CONVERSION = YES;
				CLANG_WARN_DEPRECATED_OBJC_IMPLEMENTATIONS = YES;
				CLANG_WARN_DIRECT_OBJC_ISA_USAGE = YES_ERROR;
				CLANG_WARN_DOCUMENTATION_COMMENTS = YES;
				CLANG_WARN_EMPTY_BODY = YES;
				CLANG_WARN_ENUM_CONVERSION = YES;
				CLANG_WARN_INFINITE_RECURSION = YES;
				CLANG_WARN_INT_CONVERSION = YES;
				CLANG_WARN_NON_LITERAL_NULL_CONVERSION = YES;
				CLANG_WARN_OBJC_IMPLICIT_RETAIN_SELF = YES;
				CLANG_WARN_OBJC_LITERAL_CONVERSION = YES;
				CLANG_WARN_OBJC_ROOT_CLASS = YES_ERROR;
				CLANG_WARN_QUOTED_INCLUDE_IN_FRAMEWORK_HEADER = YES;
				CLANG_WARN_RANGE_LOOP_ANALYSIS = YES;
				CLANG_WARN_STRICT_PROTOTYPES = YES;
				CLANG_WARN_SUSPICIOUS_MOVE = YES;
				CLANG_WARN_UNGUARDED_AVAILABILITY = YES_AGGRESSIVE;
				CLANG_WARN_UNREACHABLE_CODE = YES;
				CLANG_WARN__DUPLICATE_METHOD_MATCH = YES;
				COPY_PHASE_STRIP = NO;
				DEBUG_INFORMATION_FORMAT = dwarf;
				ENABLE_STRICT_OBJC_MSGSEND = YES;
				ENABLE_TESTABILITY = YES;
				ENABLE_USER_SCRIPT_SANDBOXING = YES;
				GCC_C_LANGUAGE_STANDARD = gnu17;
				GCC_DYNAMIC_NO_PIC = NO;
				GCC_NO_COMMON_BLOCKS = YES;
				GCC_OPTIMIZATION_LEVEL = 0;
				GCC_PREPROCESSOR_DEFINITIONS = (
					"DEBUG=1",
					"$(inherited)",
				);
				GCC_WARN_64_TO_32_BIT_CONVERSION = YES;
				GCC_WARN_ABOUT_RETURN_TYPE = YES_ERROR;
				GCC_WARN_UNDECLARED_SELECTOR = YES;
				GCC_WARN_UNINITIALIZED_AUTOS = YES_AGGRESSIVE;
				GCC_WARN_UNUSED_FUNCTION = YES;
				GCC_WARN_UNUSED_VARIABLE = YES;
				IPHONEOS_DEPLOYMENT_TARGET = 17.0;
				LOCALIZATION_PREFERS_STRING_CATALOGS = YES;
				MTL_ENABLE_DEBUG_INFO = INCLUDE_SOURCE;
				MTL_FAST_MATH = YES;
				ONLY_ACTIVE_ARCH = YES;
				SDKROOT = iphoneos;
				SWIFT_ACTIVE_COMPILATION_CONDITIONS = "DEBUG $(inherited)";
				SWIFT_OPTIMIZATION_LEVEL = "-Onone";
			};
			name = Debug;
		};
		82B9DF4D2AFA00B000B262EC /* Release */ = {
			isa = XCBuildConfiguration;
			buildSettings = {
				ALWAYS_SEARCH_USER_PATHS = NO;
				ASSETCATALOG_COMPILER_GENERATE_SWIFT_ASSET_SYMBOL_EXTENSIONS = YES;
				CLANG_ANALYZER_NONNULL = YES;
				CLANG_ANALYZER_NUMBER_OBJECT_CONVERSION = YES_AGGRESSIVE;
				CLANG_CXX_LANGUAGE_STANDARD = "gnu++20";
				CLANG_ENABLE_MODULES = YES;
				CLANG_ENABLE_OBJC_ARC = YES;
				CLANG_ENABLE_OBJC_WEAK = YES;
				CLANG_WARN_BLOCK_CAPTURE_AUTORELEASING = YES;
				CLANG_WARN_BOOL_CONVERSION = YES;
				CLANG_WARN_COMMA = YES;
				CLANG_WARN_CONSTANT_CONVERSION = YES;
				CLANG_WARN_DEPRECATED_OBJC_IMPLEMENTATIONS = YES;
				CLANG_WARN_DIRECT_OBJC_ISA_USAGE = YES_ERROR;
				CLANG_WARN_DOCUMENTATION_COMMENTS = YES;
				CLANG_WARN_EMPTY_BODY = YES;
				CLANG_WARN_ENUM_CONVERSION = YES;
				CLANG_WARN_INFINITE_RECURSION = YES;
				CLANG_WARN_INT_CONVERSION = YES;
				CLANG_WARN_NON_LITERAL_NULL_CONVERSION = YES;
				CLANG_WARN_OBJC_IMPLICIT_RETAIN_SELF = YES;
				CLANG_WARN_OBJC_LITERAL_CONVERSION = YES;
				CLANG_WARN_OBJC_ROOT_CLASS = YES_ERROR;
				CLANG_WARN_QUOTED_INCLUDE_IN_FRAMEWORK_HEADER = YES;
				CLANG_WARN_RANGE_LOOP_ANALYSIS = YES;
				CLANG_WARN_STRICT_PROTOTYPES = YES;
				CLANG_WARN_SUSPICIOUS_MOVE = YES;
				CLANG_WARN_UNGUARDED_AVAILABILITY = YES_AGGRESSIVE;
				CLANG_WARN_UNREACHABLE_CODE = YES;
				CLANG_WARN__DUPLICATE_METHOD_MATCH = YES;
				COPY_PHASE_STRIP = NO;
				DEBUG_INFORMATION_FORMAT = "dwarf-with-dsym";
				ENABLE_NS_ASSERTIONS = NO;
				ENABLE_STRICT_OBJC_MSGSEND = YES;
				ENABLE_USER_SCRIPT_SANDBOXING = YES;
				GCC_C_LANGUAGE_STANDARD = gnu17;
				GCC_NO_COMMON_BLOCKS = YES;
				GCC_WARN_64_TO_32_BIT_CONVERSION = YES;
				GCC_WARN_ABOUT_RETURN_TYPE = YES_ERROR;
				GCC_WARN_UNDECLARED_SELECTOR = YES;
				GCC_WARN_UNINITIALIZED_AUTOS = YES_AGGRESSIVE;
				GCC_WARN_UNUSED_FUNCTION = YES;
				GCC_WARN_UNUSED_VARIABLE = YES;
				IPHONEOS_DEPLOYMENT_TARGET = 17.0;
				LOCALIZATION_PREFERS_STRING_CATALOGS = YES;
				MTL_ENABLE_DEBUG_INFO = NO;
				MTL_FAST_MATH = YES;
				SDKROOT = iphoneos;
				SWIFT_COMPILATION_MODE = wholemodule;
				VALIDATE_PRODUCT = YES;
			};
			name = Release;
		};
		82B9DF4F2AFA00B000B262EC /* Debug */ = {
			isa = XCBuildConfiguration;
			buildSettings = {
				ASSETCATALOG_COMPILER_APPICON_NAME = AppIcon;
				ASSETCATALOG_COMPILER_GLOBAL_ACCENT_COLOR_NAME = AccentColor;
				ASSETCATALOG_COMPILER_INCLUDE_ALL_APPICON_ASSETS = NO;
				CODE_SIGN_STYLE = Automatic;
				CURRENT_PROJECT_VERSION = 27;
				DEVELOPMENT_ASSET_PATHS = "\"InnovationApp/Preview Content\"";
				DEVELOPMENT_TEAM = UB3B42RP75;
				ENABLE_PREVIEWS = YES;
				GENERATE_INFOPLIST_FILE = YES;
				INFOPLIST_FILE = InnovationApp/Info.plist;
				INFOPLIST_KEY_CFBundleDisplayName = ICE;
				INFOPLIST_KEY_LSApplicationCategoryType = "public.app-category.business";
				INFOPLIST_KEY_NSCameraUsageDescription = "Would like to access your camera to take a photo";
				INFOPLIST_KEY_NSMicrophoneUsageDescription = "Would like to access for recording";
				INFOPLIST_KEY_NSPhotoLibraryAddUsageDescription = "Would like to access your photos";
				INFOPLIST_KEY_NSPhotoLibraryUsageDescription = "Would like to access your photos";
				INFOPLIST_KEY_UIApplicationSceneManifest_Generation = YES;
				INFOPLIST_KEY_UIApplicationSupportsIndirectInputEvents = YES;
				INFOPLIST_KEY_UILaunchScreen_Generation = YES;
				INFOPLIST_KEY_UILaunchStoryboardName = "";
				INFOPLIST_KEY_UISupportedInterfaceOrientations_iPad = "UIInterfaceOrientationPortrait UIInterfaceOrientationPortraitUpsideDown UIInterfaceOrientationLandscapeLeft UIInterfaceOrientationLandscapeRight";
				INFOPLIST_KEY_UISupportedInterfaceOrientations_iPhone = "UIInterfaceOrientationPortrait UIInterfaceOrientationLandscapeLeft UIInterfaceOrientationLandscapeRight";
				IPHONEOS_DEPLOYMENT_TARGET = 16.0;
				LD_RUNPATH_SEARCH_PATHS = (
					"$(inherited)",
					"@executable_path/Frameworks",
				);
				MARKETING_VERSION = 1.0;
				PRODUCT_BUNDLE_IDENTIFIER = desap.Knektu.InnovationApp;
				PRODUCT_NAME = "$(TARGET_NAME)";
				SWIFT_EMIT_LOC_STRINGS = YES;
				SWIFT_VERSION = 5.0;
				TARGETED_DEVICE_FAMILY = "1,2";
			};
			name = Debug;
		};
		82B9DF502AFA00B000B262EC /* Release */ = {
			isa = XCBuildConfiguration;
			buildSettings = {
				ASSETCATALOG_COMPILER_APPICON_NAME = AppIcon;
				ASSETCATALOG_COMPILER_GLOBAL_ACCENT_COLOR_NAME = AccentColor;
				ASSETCATALOG_COMPILER_INCLUDE_ALL_APPICON_ASSETS = NO;
				CODE_SIGN_STYLE = Automatic;
				CURRENT_PROJECT_VERSION = 27;
				DEVELOPMENT_ASSET_PATHS = "\"InnovationApp/Preview Content\"";
				DEVELOPMENT_TEAM = UB3B42RP75;
				ENABLE_PREVIEWS = YES;
				GENERATE_INFOPLIST_FILE = YES;
				INFOPLIST_FILE = InnovationApp/Info.plist;
				INFOPLIST_KEY_CFBundleDisplayName = ICE;
				INFOPLIST_KEY_LSApplicationCategoryType = "public.app-category.business";
				INFOPLIST_KEY_NSCameraUsageDescription = "Would like to access your camera to take a photo";
				INFOPLIST_KEY_NSMicrophoneUsageDescription = "Would like to access for recording";
				INFOPLIST_KEY_NSPhotoLibraryAddUsageDescription = "Would like to access your photos";
				INFOPLIST_KEY_NSPhotoLibraryUsageDescription = "Would like to access your photos";
				INFOPLIST_KEY_UIApplicationSceneManifest_Generation = YES;
				INFOPLIST_KEY_UIApplicationSupportsIndirectInputEvents = YES;
				INFOPLIST_KEY_UILaunchScreen_Generation = YES;
				INFOPLIST_KEY_UILaunchStoryboardName = "";
				INFOPLIST_KEY_UISupportedInterfaceOrientations_iPad = "UIInterfaceOrientationPortrait UIInterfaceOrientationPortraitUpsideDown UIInterfaceOrientationLandscapeLeft UIInterfaceOrientationLandscapeRight";
				INFOPLIST_KEY_UISupportedInterfaceOrientations_iPhone = "UIInterfaceOrientationPortrait UIInterfaceOrientationLandscapeLeft UIInterfaceOrientationLandscapeRight";
				IPHONEOS_DEPLOYMENT_TARGET = 16.0;
				LD_RUNPATH_SEARCH_PATHS = (
					"$(inherited)",
					"@executable_path/Frameworks",
				);
				MARKETING_VERSION = 1.0;
				PRODUCT_BUNDLE_IDENTIFIER = desap.Knektu.InnovationApp;
				PRODUCT_NAME = "$(TARGET_NAME)";
				SWIFT_EMIT_LOC_STRINGS = YES;
				SWIFT_VERSION = 5.0;
				TARGETED_DEVICE_FAMILY = "1,2";
			};
			name = Release;
		};
		82B9DF522AFA00B000B262EC /* Debug */ = {
			isa = XCBuildConfiguration;
			buildSettings = {
				ALWAYS_EMBED_SWIFT_STANDARD_LIBRARIES = YES;
				BUNDLE_LOADER = "$(TEST_HOST)";
				CODE_SIGN_STYLE = Automatic;
				CURRENT_PROJECT_VERSION = 1;
				DEVELOPMENT_TEAM = UB3B42RP75;
				GENERATE_INFOPLIST_FILE = YES;
				IPHONEOS_DEPLOYMENT_TARGET = 17.0;
				MARKETING_VERSION = 1.0;
				PRODUCT_BUNDLE_IDENTIFIER = desap.knektu.InnovationAppTests;
				PRODUCT_NAME = "$(TARGET_NAME)";
				SWIFT_EMIT_LOC_STRINGS = NO;
				SWIFT_VERSION = 5.0;
				TARGETED_DEVICE_FAMILY = "1,2";
				TEST_HOST = "$(BUILT_PRODUCTS_DIR)/InnovationApp.app/$(BUNDLE_EXECUTABLE_FOLDER_PATH)/InnovationApp";
			};
			name = Debug;
		};
		82B9DF532AFA00B000B262EC /* Release */ = {
			isa = XCBuildConfiguration;
			buildSettings = {
				ALWAYS_EMBED_SWIFT_STANDARD_LIBRARIES = YES;
				BUNDLE_LOADER = "$(TEST_HOST)";
				CODE_SIGN_STYLE = Automatic;
				CURRENT_PROJECT_VERSION = 1;
				DEVELOPMENT_TEAM = UB3B42RP75;
				GENERATE_INFOPLIST_FILE = YES;
				IPHONEOS_DEPLOYMENT_TARGET = 17.0;
				MARKETING_VERSION = 1.0;
				PRODUCT_BUNDLE_IDENTIFIER = desap.knektu.InnovationAppTests;
				PRODUCT_NAME = "$(TARGET_NAME)";
				SWIFT_EMIT_LOC_STRINGS = NO;
				SWIFT_VERSION = 5.0;
				TARGETED_DEVICE_FAMILY = "1,2";
				TEST_HOST = "$(BUILT_PRODUCTS_DIR)/InnovationApp.app/$(BUNDLE_EXECUTABLE_FOLDER_PATH)/InnovationApp";
			};
			name = Release;
		};
		82B9DF552AFA00B000B262EC /* Debug */ = {
			isa = XCBuildConfiguration;
			buildSettings = {
				ALWAYS_EMBED_SWIFT_STANDARD_LIBRARIES = YES;
				CODE_SIGN_STYLE = Automatic;
				CURRENT_PROJECT_VERSION = 1;
				DEVELOPMENT_TEAM = UB3B42RP75;
				GENERATE_INFOPLIST_FILE = YES;
				MARKETING_VERSION = 1.0;
				PRODUCT_BUNDLE_IDENTIFIER = desap.knektu.InnovationAppUITests;
				PRODUCT_NAME = "$(TARGET_NAME)";
				SWIFT_EMIT_LOC_STRINGS = NO;
				SWIFT_VERSION = 5.0;
				TARGETED_DEVICE_FAMILY = "1,2";
				TEST_TARGET_NAME = InnovationApp;
			};
			name = Debug;
		};
		82B9DF562AFA00B000B262EC /* Release */ = {
			isa = XCBuildConfiguration;
			buildSettings = {
				ALWAYS_EMBED_SWIFT_STANDARD_LIBRARIES = YES;
				CODE_SIGN_STYLE = Automatic;
				CURRENT_PROJECT_VERSION = 1;
				DEVELOPMENT_TEAM = UB3B42RP75;
				GENERATE_INFOPLIST_FILE = YES;
				MARKETING_VERSION = 1.0;
				PRODUCT_BUNDLE_IDENTIFIER = desap.knektu.InnovationAppUITests;
				PRODUCT_NAME = "$(TARGET_NAME)";
				SWIFT_EMIT_LOC_STRINGS = NO;
				SWIFT_VERSION = 5.0;
				TARGETED_DEVICE_FAMILY = "1,2";
				TEST_TARGET_NAME = InnovationApp;
			};
			name = Release;
		};
/* End XCBuildConfiguration section */

/* Begin XCConfigurationList section */
		82B9DF252AFA00AD00B262EC /* Build configuration list for PBXProject "InnovationApp" */ = {
			isa = XCConfigurationList;
			buildConfigurations = (
				82B9DF4C2AFA00B000B262EC /* Debug */,
				82B9DF4D2AFA00B000B262EC /* Release */,
			);
			defaultConfigurationIsVisible = 0;
			defaultConfigurationName = Release;
		};
		82B9DF4E2AFA00B000B262EC /* Build configuration list for PBXNativeTarget "InnovationApp" */ = {
			isa = XCConfigurationList;
			buildConfigurations = (
				82B9DF4F2AFA00B000B262EC /* Debug */,
				82B9DF502AFA00B000B262EC /* Release */,
			);
			defaultConfigurationIsVisible = 0;
			defaultConfigurationName = Release;
		};
		82B9DF512AFA00B000B262EC /* Build configuration list for PBXNativeTarget "InnovationAppTests" */ = {
			isa = XCConfigurationList;
			buildConfigurations = (
				82B9DF522AFA00B000B262EC /* Debug */,
				82B9DF532AFA00B000B262EC /* Release */,
			);
			defaultConfigurationIsVisible = 0;
			defaultConfigurationName = Release;
		};
		82B9DF542AFA00B000B262EC /* Build configuration list for PBXNativeTarget "InnovationAppUITests" */ = {
			isa = XCConfigurationList;
			buildConfigurations = (
				82B9DF552AFA00B000B262EC /* Debug */,
				82B9DF562AFA00B000B262EC /* Release */,
			);
			defaultConfigurationIsVisible = 0;
			defaultConfigurationName = Release;
		};
/* End XCConfigurationList section */

/* Begin XCRemoteSwiftPackageReference section */
		8213B4A12BFB37D800FCF30A /* XCRemoteSwiftPackageReference "IOS - Learning Zone Framework" */ = {
			isa = XCRemoteSwiftPackageReference;
			repositoryURL = "https://Desap@dev.azure.com/Desap/Knektu%20V3/_git/IOS%20-%20Learning%20Zone%20Framework";
			requirement = {
				kind = upToNextMajorVersion;
				minimumVersion = 0.0.7;
			};
		};
		826001352C90499A00594B20 /* XCRemoteSwiftPackageReference "OCR-POC-IOS" */ = {
			isa = XCRemoteSwiftPackageReference;
			repositoryURL = "https://Desap@dev.azure.com/Desap/ICE/_git/OCR-POC-IOS";
			requirement = {
				kind = upToNextMajorVersion;
				minimumVersion = 0.0.1;
			};
		};
		82C3F40D2C77727C00520CB6 /* XCRemoteSwiftPackageReference "IOS - Contact Card" */ = {
			isa = XCRemoteSwiftPackageReference;
			repositoryURL = "https://dev.azure.com/Desap/Knektu%20V3/_git/IOS%20-%20Contact%20Card";
			requirement = {
				kind = upToNextMajorVersion;
				minimumVersion = 0.0.32;
			};
		};
		82C3F4102C77729A00520CB6 /* XCRemoteSwiftPackageReference "IOS - Online Zone Framework" */ = {
			isa = XCRemoteSwiftPackageReference;
			repositoryURL = "https://Desap@dev.azure.com/Desap/Knektu%20V3/_git/IOS%20-%20Online%20Zone%20Framework";
			requirement = {
				kind = upToNextMajorVersion;
				minimumVersion = 0.0.7;
			};
		};
		82D8969D2CFEC64D00215214 /* XCRemoteSwiftPackageReference "IOS - ICE Innovation - Collaboration Zone" */ = {
			isa = XCRemoteSwiftPackageReference;
			repositoryURL = "https://Desap@dev.azure.com/Desap/ICE/_git/IOS%20-%20ICE%20Innovation%20-%20Collaboration%20Zone";
			requirement = {
				kind = upToNextMajorVersion;
				minimumVersion = 0.0.1;
			};
		};
/* End XCRemoteSwiftPackageReference section */

/* Begin XCSwiftPackageProductDependency section */
		8213B4A22BFB37D800FCF30A /* LearningZone */ = {
			isa = XCSwiftPackageProductDependency;
			package = 8213B4A12BFB37D800FCF30A /* XCRemoteSwiftPackageReference "IOS - Learning Zone Framework" */;
			productName = LearningZone;
		};
		82268CE52CFEC91100B6876E /* CollaborationZone */ = {
			isa = XCSwiftPackageProductDependency;
			package = 82D8969D2CFEC64D00215214 /* XCRemoteSwiftPackageReference "IOS - ICE Innovation - Collaboration Zone" */;
			productName = CollaborationZone;
		};
		826001362C90499A00594B20 /* OCR-POC */ = {
			isa = XCSwiftPackageProductDependency;
			package = 826001352C90499A00594B20 /* XCRemoteSwiftPackageReference "OCR-POC-IOS" */;
			productName = "OCR-POC";
		};
		82C3F40E2C77727C00520CB6 /* ContactCard */ = {
			isa = XCSwiftPackageProductDependency;
			package = 82C3F40D2C77727C00520CB6 /* XCRemoteSwiftPackageReference "IOS - Contact Card" */;
			productName = ContactCard;
		};
		82C3F4112C77729A00520CB6 /* OnlineZone */ = {
			isa = XCSwiftPackageProductDependency;
			package = 82C3F4102C77729A00520CB6 /* XCRemoteSwiftPackageReference "IOS - Online Zone Framework" */;
			productName = OnlineZone;
		};
/* End XCSwiftPackageProductDependency section */
	};
	rootObject = 82B9DF222AFA00AD00B262EC /* Project object */;
}
